{
  "pins" : [
    {
      "identity" : "swift-nanopack",
      "kind" : "remoteSourceControl",
      "location" : "https://github.com/poly-gui/swift-nanopack",
      "state" : {
        "branch" : "perf-tweak",
        "revision" : "21f3a00267e45c3621a7ab274f26cbeff8e65751"
      }
    }
  ],
  "version" : 2
}
