{
  "pins" : [
    {
      "identity" : "swift-nanopack",
      "kind" : "remoteSourceControl",
      "location" : "https://github.com/poly-gui/swift-nanopack",
      "state" : {
        "branch" : "main",
        "revision" : "53ac4c933e3c6eda760b9b2eb7398d6d64f77c44"
      }
    }
  ],
  "version" : 2
}
